// !$*UTF8*$!
{
	archiveVersion = 1;
	classes = {
	};
	objectVersion = 50;
	objects = {

/* Begin PBXBuildFile section */
		3BDC2BEF237E880F00AB9374 /* AppDelegate.swift in Sources */ = {isa = PBXBuildFile; fileRef = 3BDC2BEE237E880F00AB9374 /* AppDelegate.swift */; };
		3BDC2BF1237E880F00AB9374 /* SceneDelegate.swift in Sources */ = {isa = PBXBuildFile; fileRef = 3BDC2BF0237E880F00AB9374 /* SceneDelegate.swift */; };
		3BDC2BF3237E880F00AB9374 /* ViewController.swift in Sources */ = {isa = PBXBuildFile; fileRef = 3BDC2BF2237E880F00AB9374 /* ViewController.swift */; };
		3BDC2BF6237E880F00AB9374 /* Main.storyboard in Resources */ = {isa = PBXBuildFile; fileRef = 3BDC2BF4237E880F00AB9374 /* Main.storyboard */; };
		3BDC2BF8237E881800AB9374 /* Assets.xcassets in Resources */ = {isa = PBXBuildFile; fileRef = 3BDC2BF7237E881800AB9374 /* Assets.xcassets */; };
		3BDC2BFB237E881800AB9374 /* LaunchScreen.storyboard in Resources */ = {isa = PBXBuildFile; fileRef = 3BDC2BF9237E881800AB9374 /* LaunchScreen.storyboard */; };
/* End PBXBuildFile section */

/* Begin PBXFileReference section */
		3BDC2BEB237E880F00AB9374 /* UserDefaultProject.app */ = {isa = PBXFileReference; explicitFileType = wrapper.application; includeInIndex = 0; path = UserDefaultProject.app; sourceTree = BUILT_PRODUCTS_DIR; };
		3BDC2BEE237E880F00AB9374 /* AppDelegate.swift */ = {isa = PBXFileReference; lastKnownFileType = sourcecode.swift; path = AppDelegate.swift; sourceTree = "<group>"; };
		3BDC2BF0237E880F00AB9374 /* SceneDelegate.swift */ = {isa = PBXFileReference; lastKnownFileType = sourcecode.swift; path = SceneDelegate.swift; sourceTree = "<group>"; };
		3BDC2BF2237E880F00AB9374 /* ViewController.swift */ = {isa = PBXFileReference; lastKnownFileType = sourcecode.swift; path = ViewController.swift; sourceTree = "<group>"; };
		3BDC2BF5237E880F00AB9374 /* Base */ = {isa = PBXFileReference; lastKnownFileType = file.storyboard; name = Base; path = Base.lproj/Main.storyboard; sourceTree = "<group>"; };
		3BDC2BF7237E881800AB9374 /* Assets.xcassets */ = {isa = PBXFileReference; lastKnownFileType = folder.assetcatalog; path = Assets.xcassets; sourceTree = "<group>"; };
		3BDC2BFA237E881800AB9374 /* Base */ = {isa = PBXFileReference; lastKnownFileType = file.storyboard; name = Base; path = Base.lproj/LaunchScreen.storyboard; sourceTree = "<group>"; };
		3BDC2BFC237E881800AB9374 /* Info.plist */ = {isa = PBXFileReference; lastKnownFileType = text.plist.xml; path = Info.plist; sourceTree = "<group>"; };
/* End PBXFileReference section */

/* Begin PBXFrameworksBuildPhase section */
		3BDC2BE8237E880F00AB9374 /* Frameworks */ = {
			isa = PBXFrameworksBuildPhase;
			buildActionMask = 2147483647;
			files = (
			);
			runOnlyForDeploymentPostprocessing = 0;
		};
/* End PBXFrameworksBuildPhase section */

/* Begin PBXGroup section */
		3BDC2BE2237E880F00AB9374 = {
			isa = PBXGroup;
			children = (
				3BDC2BED237E880F00AB9374 /* UserDefaultProject */,
				3BDC2BEC237E880F00AB9374 /* Products */,
			);
			sourceTree = "<group>";
		};
		3BDC2BEC237E880F00AB9374 /* Products */ = {
			isa = PBXGroup;
			children = (
				3BDC2BEB237E880F00AB9374 /* UserDefaultProject.app */,
			);
			name = Products;
			sourceTree = "<group>";
		};
		3BDC2BED237E880F00AB9374 /* UserDefaultProject */ = {
			isa = PBXGroup;
			children = (
				3BDC2BEE237E880F00AB9374 /* AppDelegate.swift */,
				3BDC2BF0237E880F00AB9374 /* SceneDelegate.swift */,
				3BDC2BF2237E880F00AB9374 /* ViewController.swift */,
				3BDC2BF4237E880F00AB9374 /* Main.storyboard */,
				3BDC2BF7237E881800AB9374 /* Assets.xcassets */,
				3BDC2BF9237E881800AB9374 /* LaunchScreen.storyboard */,
				3BDC2BFC237E881800AB9374 /* Info.plist */,
			);
			path = UserDefaultProject;
			sourceTree = "<group>";
		};
/* End PBXGroup section */

/* Begin PBXNativeTarget section */
		3BDC2BEA237E880F00AB9374 /* UserDefaultProject */ = {
			isa = PBXNativeTarget;
			buildConfigurationList = 3BDC2BFF237E881800AB9374 /* Build configuration list for PBXNativeTarget "UserDefaultProject" */;
			buildPhases = (
				3BDC2BE7237E880F00AB9374 /* Sources */,
				3BDC2BE8237E880F00AB9374 /* Frameworks */,
				3BDC2BE9237E880F00AB9374 /* Resources */,
			);
			buildRules = (
			);
			dependencies = (
			);
			name = UserDefaultProject;
			productName = UserDefaultProject;
			productReference = 3BDC2BEB237E880F00AB9374 /* UserDefaultProject.app */;
			productType = "com.apple.product-type.application";
		};
/* End PBXNativeTarget section */

/* Begin PBXProject section */
		3BDC2BE3237E880F00AB9374 /* Project object */ = {
			isa = PBXProject;
			attributes = {
				LastSwiftUpdateCheck = 1120;
				LastUpgradeCheck = 1120;
				ORGANIZATIONNAME = "高倉楓麻";
				TargetAttributes = {
					3BDC2BEA237E880F00AB9374 = {
						CreatedOnToolsVersion = 11.2;
					};
				};
			};
			buildConfigurationList = 3BDC2BE6237E880F00AB9374 /* Build configuration list for PBXProject "UserDefaultProject" */;
			compatibilityVersion = "Xcode 9.3";
			developmentRegion = en;
			hasScannedForEncodings = 0;
			knownRegions = (
				en,
				Base,
			);
			mainGroup = 3BDC2BE2237E880F00AB9374;
			productRefGroup = 3BDC2BEC237E880F00AB9374 /* Products */;
			projectDirPath = "";
			projectRoot = "";
			targets = (
				3BDC2BEA237E880F00AB9374 /* UserDefaultProject */,
			);
		};
/* End PBXProject section */

/* Begin PBXResourcesBuildPhase section */
		3BDC2BE9237E880F00AB9374 /* Resources */ = {
			isa = PBXResourcesBuildPhase;
			buildActionMask = 2147483647;
			files = (
				3BDC2BFB237E881800AB9374 /* LaunchScreen.storyboard in Resources */,
				3BDC2BF8237E881800AB9374 /* Assets.xcassets in Resources */,
				3BDC2BF6237E880F00AB9374 /* Main.storyboard in Resources */,
			);
			runOnlyForDeploymentPostprocessing = 0;
		};
/* End PBXResourcesBuildPhase section */

/* Begin PBXSourcesBuildPhase section */
		3BDC2BE7237E880F00AB9374 /* Sources */ = {
			isa = PBXSourcesBuildPhase;
			buildActionMask = 2147483647;
			files = (
				3BDC2BF3237E880F00AB9374 /* ViewController.swift in Sources */,
				3BDC2BEF237E880F00AB9374 /* AppDelegate.swift in Sources */,
				3BDC2BF1237E880F00AB9374 /* SceneDelegate.swift in Sources */,
			);
			runOnlyForDeploymentPostprocessing = 0;
		};
/* End PBXSourcesBuildPhase section */

/* Begin PBXVariantGroup section */
		3BDC2BF4237E880F00AB9374 /* Main.storyboard */ = {
			isa = PBXVariantGroup;
			children = (
				3BDC2BF5237E880F00AB9374 /* Base */,
			);
			name = Main.storyboard;
			sourceTree = "<group>";
		};
		3BDC2BF9237E881800AB9374 /* LaunchScreen.storyboard */ = {
			isa = PBXVariantGroup;
			children = (
				3BDC2BFA237E881800AB9374 /* Base */,
			);
			name = LaunchScreen.storyboard;
			sourceTree = "<group>";
		};
/* End PBXVariantGroup section */

/* Begin XCBuildConfiguration section */
		3BDC2BFD237E881800AB9374 /* Debug */ = {
			isa = XCBuildConfiguration;
			buildSettings = {
				ALWAYS_SEARCH_USER_PATHS = NO;
				CLANG_ANALYZER_NONNULL = YES;
				CLANG_ANALYZER_NUMBER_OBJECT_CONVERSION = YES_AGGRESSIVE;
				CLANG_CXX_LANGUAGE_STANDARD = "gnu++14";
				CLANG_CXX_LIBRARY = "libc++";
				CLANG_ENABLE_MODULES = YES;
				CLANG_ENABLE_OBJC_ARC = YES;
				CLANG_ENABLE_OBJC_WEAK = YES;
				CLANG_WARN_BLOCK_CAPTURE_AUTORELEASING = YES;
				CLANG_WARN_BOOL_CONVERSION = YES;
				CLANG_WARN_COMMA = YES;
				CLANG_WARN_CONSTANT_CONVERSION = YES;
				CLANG_WARN_DEPRECATED_OBJC_IMPLEMENTATIONS = YES;
				CLANG_WARN_DIRECT_OBJC_ISA_USAGE = YES_ERROR;
				CLANG_WARN_DOCUMENTATION_COMMENTS = YES;
				CLANG_WARN_EMPTY_BODY = YES;
				CLANG_WARN_ENUM_CONVERSION = YES;
				CLANG_WARN_INFINITE_RECURSION = YES;
				CLANG_WARN_INT_CONVERSION = YES;
				CLANG_WARN_NON_LITERAL_NULL_CONVERSION = YES;
				CLANG_WARN_OBJC_IMPLICIT_RETAIN_SELF = YES;
				CLANG_WARN_OBJC_LITERAL_CONVERSION = YES;
				CLANG_WARN_OBJC_ROOT_CLASS = YES_ERROR;
				CLANG_WARN_RANGE_LOOP_ANALYSIS = YES;
				CLANG_WARN_STRICT_PROTOTYPES = YES;
				CLANG_WARN_SUSPICIOUS_MOVE = YES;
				CLANG_WARN_UNGUARDED_AVAILABILITY = YES_AGGRESSIVE;
				CLANG_WARN_UNREACHABLE_CODE = YES;
				CLANG_WARN__DUPLICATE_METHOD_MATCH = YES;
				COPY_PHASE_STRIP = NO;
				DEBUG_INFORMATION_FORMAT = dwarf;
				ENABLE_STRICT_OBJC_MSGSEND = YES;
				ENABLE_TESTABILITY = YES;
				GCC_C_LANGUAGE_STANDARD = gnu11;
				GCC_DYNAMIC_NO_PIC = NO;
				GCC_NO_COMMON_BLOCKS = YES;
				GCC_OPTIMIZATION_LEVEL = 0;
				GCC_PREPROCESSOR_DEFINITIONS = (
					"DEBUG=1",
					"$(inherited)",
				);
				GCC_WARN_64_TO_32_BIT_CONVERSION = YES;
				GCC_WARN_ABOUT_RETURN_TYPE = YES_ERROR;
				GCC_WARN_UNDECLARED_SELECTOR = YES;
				GCC_WARN_UNINITIALIZED_AUTOS = YES_AGGRESSIVE;
				GCC_WARN_UNUSED_FUNCTION = YES;
				GCC_WARN_UNUSED_VARIABLE = YES;
				IPHONEOS_DEPLOYMENT_TARGET = 13.2;
				MTL_ENABLE_DEBUG_INFO = INCLUDE_SOURCE;
				MTL_FAST_MATH = YES;
				ONLY_ACTIVE_ARCH = YES;
				SDKROOT = iphoneos;
				SWIFT_ACTIVE_COMPILATION_CONDITIONS = DEBUG;
				SWIFT_OPTIMIZATION_LEVEL = "-Onone";
			};
			name = Debug;
		};
		3BDC2BFE237E881800AB9374 /* Release */ = {
			isa = XCBuildConfiguration;
			buildSettings = {
				ALWAYS_SEARCH_USER_PATHS = NO;
				CLANG_ANALYZER_NONNULL = YES;
				CLANG_ANALYZER_NUMBER_OBJECT_CONVERSION = YES_AGGRESSIVE;
				CLANG_CXX_LANGUAGE_STANDARD = "gnu++14";
				CLANG_CXX_LIBRARY = "libc++";
				CLANG_ENABLE_MODULES = YES;
				CLANG_ENABLE_OBJC_ARC = YES;
				CLANG_ENABLE_OBJC_WEAK = YES;
				CLANG_WARN_BLOCK_CAPTURE_AUTORELEASING = YES;
				CLANG_WARN_BOOL_CONVERSION = YES;
				CLANG_WARN_COMMA = YES;
				CLANG_WARN_CONSTANT_CONVERSION = YES;
				CLANG_WARN_DEPRECATED_OBJC_IMPLEMENTATIONS = YES;
				CLANG_WARN_DIRECT_OBJC_ISA_USAGE = YES_ERROR;
				CLANG_WARN_DOCUMENTATION_COMMENTS = YES;
				CLANG_WARN_EMPTY_BODY = YES;
				CLANG_WARN_ENUM_CONVERSION = YES;
				CLANG_WARN_INFINITE_RECURSION = YES;
				CLANG_WARN_INT_CONVERSION = YES;
				CLANG_WARN_NON_LITERAL_NULL_CONVERSION = YES;
				CLANG_WARN_OBJC_IMPLICIT_RETAIN_SELF = YES;
				CLANG_WARN_OBJC_LITERAL_CONVERSION = YES;
				CLANG_WARN_OBJC_ROOT_CLASS = YES_ERROR;
				CLANG_WARN_RANGE_LOOP_ANALYSIS = YES;
				CLANG_WARN_STRICT_PROTOTYPES = YES;
				CLANG_WARN_SUSPICIOUS_MOVE = YES;
				CLANG_WARN_UNGUARDED_AVAILABILITY = YES_AGGRESSIVE;
				CLANG_WARN_UNREACHABLE_CODE = YES;
				CLANG_WARN__DUPLICATE_METHOD_MATCH = YES;
				COPY_PHASE_STRIP = NO;
				DEBUG_INFORMATION_FORMAT = "dwarf-with-dsym";
				ENABLE_NS_ASSERTIONS = NO;
				ENABLE_STRICT_OBJC_MSGSEND = YES;
				GCC_C_LANGUAGE_STANDARD = gnu11;
				GCC_NO_COMMON_BLOCKS = YES;
				GCC_WARN_64_TO_32_BIT_CONVERSION = YES;
				GCC_WARN_ABOUT_RETURN_TYPE = YES_ERROR;
				GCC_WARN_UNDECLARED_SELECTOR = YES;
				GCC_WARN_UNINITIALIZED_AUTOS = YES_AGGRESSIVE;
				GCC_WARN_UNUSED_FUNCTION = YES;
				GCC_WARN_UNUSED_VARIABLE = YES;
				IPHONEOS_DEPLOYMENT_TARGET = 13.2;
				MTL_ENABLE_DEBUG_INFO = NO;
				MTL_FAST_MATH = YES;
				SDKROOT = iphoneos;
				SWIFT_COMPILATION_MODE = wholemodule;
				SWIFT_OPTIMIZATION_LEVEL = "-O";
				VALIDATE_PRODUCT = YES;
			};
			name = Release;
		};
		3BDC2C00237E881800AB9374 /* Debug */ = {
			isa = XCBuildConfiguration;
			buildSettings = {
				ASSETCATALOG_COMPILER_APPICON_NAME = AppIcon;
				CODE_SIGN_STYLE = Automatic;
				DEVELOPMENT_TEAM = M38X2J3RK6;
				INFOPLIST_FILE = UserDefaultProject/Info.plist;
				LD_RUNPATH_SEARCH_PATHS = (
					"$(inherited)",
					"@executable_path/Frameworks",
				);
				PRODUCT_BUNDLE_IDENTIFIER = com.example.UserDefaultProject;
				PRODUCT_NAME = "$(TARGET_NAME)";
				SWIFT_VERSION = 5.0;
				TARGETED_DEVICE_FAMILY = "1,2";
			};
			name = Debug;
		};
		3BDC2C01237E881800AB9374 /* Release */ = {
			isa = XCBuildConfiguration;
			buildSettings = {
				ASSETCATALOG_COMPILER_APPICON_NAME = AppIcon;
				CODE_SIGN_STYLE = Automatic;
				DEVELOPMENT_TEAM = M38X2J3RK6;
				INFOPLIST_FILE = UserDefaultProject/Info.plist;
				LD_RUNPATH_SEARCH_PATHS = (
					"$(inherited)",
					"@executable_path/Frameworks",
				);
				PRODUCT_BUNDLE_IDENTIFIER = com.example.UserDefaultProject;
				PRODUCT_NAME = "$(TARGET_NAME)";
				SWIFT_VERSION = 5.0;
				TARGETED_DEVICE_FAMILY = "1,2";
			};
			name = Release;
		};
/* End XCBuildConfiguration section */

/* Begin XCConfigurationList section */
		3BDC2BE6237E880F00AB9374 /* Build configuration list for PBXProject "UserDefaultProject" */ = {
			isa = XCConfigurationList;
			buildConfigurations = (
				3BDC2BFD237E881800AB9374 /* Debug */,
				3BDC2BFE237E881800AB9374 /* Release */,
			);
			defaultConfigurationIsVisible = 0;
			defaultConfigurationName = Release;
		};
		3BDC2BFF237E881800AB9374 /* Build configuration list for PBXNativeTarget "UserDefaultProject" */ = {
			isa = XCConfigurationList;
			buildConfigurations = (
				3BDC2C00237E881800AB9374 /* Debug */,
				3BDC2C01237E881800AB9374 /* Release */,
			);
			defaultConfigurationIsVisible = 0;
			defaultConfigurationName = Release;
		};
/* End XCConfigurationList section */
	};
	rootObject = 3BDC2BE3237E880F00AB9374 /* Project object */;
}
